
Microsoft Visual Studio Solution File, Format Version 12.00
# Visual Studio Version 17
VisualStudioVersion = 17.7.34003.232
MinimumVisualStudioVersion = 10.0.40219.1
Project("{FAE04EC0-301F-11D3-BF4B-00C04F79EFBC}") = "project final year 1 first semester", "project final year 1 first semester\project final year 1 first semester.csproj", "{AACEEAF0-B79C-42D1-B2EE-AA1B0116036D}"
EndProject
Global
	GlobalSection(SolutionConfigurationPlatforms) = preSolution
		Debug|Any CPU = Debug|Any CPU
		Release|Any CPU = Release|Any CPU
	EndGlobalSection
	GlobalSection(ProjectConfigurationPlatforms) = postSolution
		{AACEEAF0-B79C-42D1-B2EE-AA1B0116036D}.Debug|Any CPU.ActiveCfg = Debug|Any CPU
		{AACEEAF0-B79C-42D1-B2EE-AA1B0116036D}.Debug|Any CPU.Build.0 = Debug|Any CPU
		{AACEEAF0-B79C-42D1-B2EE-AA1B0116036D}.Release|Any CPU.ActiveCfg = Release|Any CPU
		{AACEEAF0-B79C-42D1-B2EE-AA1B0116036D}.Release|Any CPU.Build.0 = Release|Any CPU
	EndGlobalSection
	GlobalSection(SolutionProperties) = preSolution
		HideSolutionNode = FALSE
	EndGlobalSection
	GlobalSection(ExtensibilityGlobals) = postSolution
		SolutionGuid = {6809CD15-07DD-4A10-A1E8-EE1F826E9447}
	EndGlobalSection
EndGlobal
